
Microsoft Visual Studio Solution File, Format Version 12.00
# Visual Studio Version 16
VisualStudioVersion = 16.0.35130.168
MinimumVisualStudioVersion = 10.0.40219.1
Project("{FAE04EC0-301F-11D3-BF4B-00C04F79EFBC}") = "DTS_WPF_Learning", "DTS_WPF_Learning.csproj", "{A9DC8B19-5D9F-420D-A54F-BEE0FCAFBE11}"
EndProject
Global
	GlobalSection(SolutionConfigurationPlatforms) = preSolution
		Debug|Any CPU = Debug|Any CPU
		Release|Any CPU = Release|Any CPU
	EndGlobalSection
	GlobalSection(ProjectConfigurationPlatforms) = postSolution
		{A9DC8B19-5D9F-420D-A54F-BEE0FCAFBE11}.Debug|Any CPU.ActiveCfg = Debug|Any CPU
		{A9DC8B19-5D9F-420D-A54F-BEE0FCAFBE11}.Debug|Any CPU.Build.0 = Debug|Any CPU
		{A9DC8B19-5D9F-420D-A54F-BEE0FCAFBE11}.Release|Any CPU.ActiveCfg = Release|Any CPU
		{A9DC8B19-5D9F-420D-A54F-BEE0FCAFBE11}.Release|Any CPU.Build.0 = Release|Any CPU
	EndGlobalSection
	GlobalSection(SolutionProperties) = preSolution
		HideSolutionNode = FALSE
	EndGlobalSection
	GlobalSection(ExtensibilityGlobals) = postSolution
		SolutionGuid = {FFF2DF61-0216-443A-9894-CE893D2D4465}
	EndGlobalSection
EndGlobal
